
Microsoft Visual Studio Solution File, Format Version 12.00
# Visual Studio 2012
Project("{FAE04EC0-301F-11D3-BF4B-00C04F79EFBC}") = "ChangePictureWithState", "ChangePictureWithState\ChangePictureWithState.csproj", "{C6DE3C59-A365-48DF-A43E-FD6C5CEF6022}"
EndProject
Global
	GlobalSection(SolutionConfigurationPlatforms) = preSolution
		Debug|Any CPU = Debug|Any CPU
		Release|Any CPU = Release|Any CPU
	EndGlobalSection
	GlobalSection(ProjectConfigurationPlatforms) = postSolution
		{C6DE3C59-A365-48DF-A43E-FD6C5CEF6022}.Debug|Any CPU.ActiveCfg = Debug|Any CPU
		{C6DE3C59-A365-48DF-A43E-FD6C5CEF6022}.Debug|Any CPU.Build.0 = Debug|Any CPU
		{C6DE3C59-A365-48DF-A43E-FD6C5CEF6022}.Release|Any CPU.ActiveCfg = Release|Any CPU
		{C6DE3C59-A365-48DF-A43E-FD6C5CEF6022}.Release|Any CPU.Build.0 = Release|Any CPU
	EndGlobalSection
	GlobalSection(SolutionProperties) = preSolution
		HideSolutionNode = FALSE
	EndGlobalSection
EndGlobal
